github.com/gloo-foo/framework v0.0.1 h1:RCI+rT/SSY51R3qGLz8u6zjt113dny7Yf2ZM6+MhqHE=
github.com/gloo-foo/framework v0.0.1/go.mod h1:p9P7iz84iZ4+c7BoOrVcKl7yuWVZ79eaCmWkM44FJ4c=
github.com/gloo-foo/framework v0.0.3 h1:1ZmonNQ0ftuIrDEQ2G/mfY4qcODLyECI71UxtEgo1Fw=
github.com/gloo-foo/framework v0.0.3/go.mod h1:p9P7iz84iZ4+c7BoOrVcKl7yuWVZ79eaCmWkM44FJ4c=
github.com/gloo-foo/pipe v0.0.2 h1:U/UnWte0nhDJiHPGjMA8l8IsoZ6P+zO7e31gXcny3hA=
github.com/gloo-foo/pipe v0.0.2/go.mod h1:Mxe9K/WSNbV0AQItruRMNo5JEYGHjiMUfJR1sAg6nCY=
github.com/yupsh/echo v0.0.0-20251107224023-fe28fa4f2142 h1:PP5Vj/bw0aYcd2+tM11cYG7lC+1Vezm8ejt5Zvoqv4Y=
github.com/yupsh/echo v0.0.0-20251107224023-fe28fa4f2142/go.mod h1:QPm8eOZbCd0Dj2+b25rGgBVpdtwIk7wUqOFCPKcGhbY=
github.com/yupsh/xargs v0.0.0-20251107224129-05675e872a6b h1:d0RhJXMtm4uBPjuDKD052k9GdzYuLKf6zXNOInJ9prI=
github.com/yupsh/xargs v0.0.0-20251107224129-05675e872a6b/go.mod h1:g1sMgjCw7H9Py6ZuyD8um2f3CQM69+F3Uq/dnNP/0Y0=
github.com/yupsh/xargs v0.0.3 h1:ludjGHCUbWfx52Cot8LJ2uxDzxNTXqiu1fQ/cDi5E6s=
github.com/yupsh/xargs v0.0.3/go.mod h1:g1sMgjCw7H9Py6ZuyD8um2f3CQM69+F3Uq/dnNP/0Y0=
